
Microsoft Visual Studio Solution File, Format Version 12.00
# Visual Studio Version 17
VisualStudioVersion = 17.4.33213.308
MinimumVisualStudioVersion = 10.0.40219.1
Project("{FAE04EC0-301F-11D3-BF4B-00C04F79EFBC}") = "MatchingGame", "MatchingGame.csproj", "{7FE6AAA6-8E0C-4319-8000-FE9F95557C04}"
EndProject
Global
	GlobalSection(SolutionConfigurationPlatforms) = preSolution
		Debug|Any CPU = Debug|Any CPU
		Release|Any CPU = Release|Any CPU
	EndGlobalSection
	GlobalSection(ProjectConfigurationPlatforms) = postSolution
		{7FE6AAA6-8E0C-4319-8000-FE9F95557C04}.Debug|Any CPU.ActiveCfg = Debug|Any CPU
		{7FE6AAA6-8E0C-4319-8000-FE9F95557C04}.Debug|Any CPU.Build.0 = Debug|Any CPU
		{7FE6AAA6-8E0C-4319-8000-FE9F95557C04}.Release|Any CPU.ActiveCfg = Release|Any CPU
		{7FE6AAA6-8E0C-4319-8000-FE9F95557C04}.Release|Any CPU.Build.0 = Release|Any CPU
	EndGlobalSection
	GlobalSection(SolutionProperties) = preSolution
		HideSolutionNode = FALSE
	EndGlobalSection
	GlobalSection(ExtensibilityGlobals) = postSolution
		SolutionGuid = {C9459D16-A484-408D-8A2D-C532F242D195}
	EndGlobalSection
EndGlobal
